// !$*UTF8*$!
{
	archiveVersion = 1;
	classes = {
	};
	objectVersion = 55;
	objects = {

/* Begin PBXBuildFile section */
		2847CA72272D652200328103 /* Finance_TrackerApp.swift in Sources */ = {isa = PBXBuildFile; fileRef = 2847CA71272D652200328103 /* Finance_TrackerApp.swift */; };
		2847CA74272D652200328103 /* ContentView.swift in Sources */ = {isa = PBXBuildFile; fileRef = 2847CA73272D652200328103 /* ContentView.swift */; };
		2847CA76272D652300328103 /* Assets.xcassets in Resources */ = {isa = PBXBuildFile; fileRef = 2847CA75272D652300328103 /* Assets.xcassets */; };
		2847CA79272D652300328103 /* Preview Assets.xcassets in Resources */ = {isa = PBXBuildFile; fileRef = 2847CA78272D652300328103 /* Preview Assets.xcassets */; };
		2847CA83272D652400328103 /* Finance_TrackerTests.swift in Sources */ = {isa = PBXBuildFile; fileRef = 2847CA82272D652400328103 /* Finance_TrackerTests.swift */; };
		2847CA8D272D652400328103 /* Finance_TrackerUITests.swift in Sources */ = {isa = PBXBuildFile; fileRef = 2847CA8C272D652400328103 /* Finance_TrackerUITests.swift */; };
		2847CA8F272D652400328103 /* Finance_TrackerUITestsLaunchTests.swift in Sources */ = {isa = PBXBuildFile; fileRef = 2847CA8E272D652400328103 /* Finance_TrackerUITestsLaunchTests.swift */; };
		2847CA9D272D658600328103 /* MainView.swift in Sources */ = {isa = PBXBuildFile; fileRef = 2847CA9C272D658600328103 /* MainView.swift */; };
		2847CAA3272D76F100328103 /* BalanceView.swift in Sources */ = {isa = PBXBuildFile; fileRef = 2847CAA2272D76F100328103 /* BalanceView.swift */; };
		28C7CC02272DD0A100D0FF33 /* AnalyticsOverviewView.swift in Sources */ = {isa = PBXBuildFile; fileRef = 28C7CC01272DD0A100D0FF33 /* AnalyticsOverviewView.swift */; };
/* End PBXBuildFile section */

/* Begin PBXContainerItemProxy section */
		2847CA7F272D652400328103 /* PBXContainerItemProxy */ = {
			isa = PBXContainerItemProxy;
			containerPortal = 2847CA66272D652200328103 /* Project object */;
			proxyType = 1;
			remoteGlobalIDString = 2847CA6D272D652200328103;
			remoteInfo = "Finance Tracker";
		};
		2847CA89272D652400328103 /* PBXContainerItemProxy */ = {
			isa = PBXContainerItemProxy;
			containerPortal = 2847CA66272D652200328103 /* Project object */;
			proxyType = 1;
			remoteGlobalIDString = 2847CA6D272D652200328103;
			remoteInfo = "Finance Tracker";
		};
/* End PBXContainerItemProxy section */

/* Begin PBXFileReference section */
		2847CA6E272D652200328103 /* Finance Tracker.app */ = {isa = PBXFileReference; explicitFileType = wrapper.application; includeInIndex = 0; path = "Finance Tracker.app"; sourceTree = BUILT_PRODUCTS_DIR; };
		2847CA71272D652200328103 /* Finance_TrackerApp.swift */ = {isa = PBXFileReference; lastKnownFileType = sourcecode.swift; path = Finance_TrackerApp.swift; sourceTree = "<group>"; };
		2847CA73272D652200328103 /* ContentView.swift */ = {isa = PBXFileReference; lastKnownFileType = sourcecode.swift; path = ContentView.swift; sourceTree = "<group>"; };
		2847CA75272D652300328103 /* Assets.xcassets */ = {isa = PBXFileReference; lastKnownFileType = folder.assetcatalog; path = Assets.xcassets; sourceTree = "<group>"; };
		2847CA78272D652300328103 /* Preview Assets.xcassets */ = {isa = PBXFileReference; lastKnownFileType = folder.assetcatalog; path = "Preview Assets.xcassets"; sourceTree = "<group>"; };
		2847CA7E272D652400328103 /* Finance TrackerTests.xctest */ = {isa = PBXFileReference; explicitFileType = wrapper.cfbundle; includeInIndex = 0; path = "Finance TrackerTests.xctest"; sourceTree = BUILT_PRODUCTS_DIR; };
		2847CA82272D652400328103 /* Finance_TrackerTests.swift */ = {isa = PBXFileReference; lastKnownFileType = sourcecode.swift; path = Finance_TrackerTests.swift; sourceTree = "<group>"; };
		2847CA88272D652400328103 /* Finance TrackerUITests.xctest */ = {isa = PBXFileReference; explicitFileType = wrapper.cfbundle; includeInIndex = 0; path = "Finance TrackerUITests.xctest"; sourceTree = BUILT_PRODUCTS_DIR; };
		2847CA8C272D652400328103 /* Finance_TrackerUITests.swift */ = {isa = PBXFileReference; lastKnownFileType = sourcecode.swift; path = Finance_TrackerUITests.swift; sourceTree = "<group>"; };
		2847CA8E272D652400328103 /* Finance_TrackerUITestsLaunchTests.swift */ = {isa = PBXFileReference; lastKnownFileType = sourcecode.swift; path = Finance_TrackerUITestsLaunchTests.swift; sourceTree = "<group>"; };
		2847CA9C272D658600328103 /* MainView.swift */ = {isa = PBXFileReference; lastKnownFileType = sourcecode.swift; path = MainView.swift; sourceTree = "<group>"; };
		2847CAA2272D76F100328103 /* BalanceView.swift */ = {isa = PBXFileReference; lastKnownFileType = sourcecode.swift; path = BalanceView.swift; sourceTree = "<group>"; };
		28C7CC01272DD0A100D0FF33 /* AnalyticsOverviewView.swift */ = {isa = PBXFileReference; lastKnownFileType = sourcecode.swift; path = AnalyticsOverviewView.swift; sourceTree = "<group>"; };
/* End PBXFileReference section */

/* Begin PBXFrameworksBuildPhase section */
		2847CA6B272D652200328103 /* Frameworks */ = {
			isa = PBXFrameworksBuildPhase;
			buildActionMask = 2147483647;
			files = (
			);
			runOnlyForDeploymentPostprocessing = 0;
		};
		2847CA7B272D652400328103 /* Frameworks */ = {
			isa = PBXFrameworksBuildPhase;
			buildActionMask = 2147483647;
			files = (
			);
			runOnlyForDeploymentPostprocessing = 0;
		};
		2847CA85272D652400328103 /* Frameworks */ = {
			isa = PBXFrameworksBuildPhase;
			buildActionMask = 2147483647;
			files = (
			);
			runOnlyForDeploymentPostprocessing = 0;
		};
/* End PBXFrameworksBuildPhase section */

/* Begin PBXGroup section */
		2847CA65272D652200328103 = {
			isa = PBXGroup;
			children = (
				2847CA70272D652200328103 /* Finance Tracker */,
				2847CA81272D652400328103 /* Finance TrackerTests */,
				2847CA8B272D652400328103 /* Finance TrackerUITests */,
				2847CA6F272D652200328103 /* Products */,
			);
			sourceTree = "<group>";
		};
		2847CA6F272D652200328103 /* Products */ = {
			isa = PBXGroup;
			children = (
				2847CA6E272D652200328103 /* Finance Tracker.app */,
				2847CA7E272D652400328103 /* Finance TrackerTests.xctest */,
				2847CA88272D652400328103 /* Finance TrackerUITests.xctest */,
			);
			name = Products;
			sourceTree = "<group>";
		};
		2847CA70272D652200328103 /* Finance Tracker */ = {
			isa = PBXGroup;
			children = (
				2847CA71272D652200328103 /* Finance_TrackerApp.swift */,
				2847CA9B272D656300328103 /* Views */,
				2847CA75272D652300328103 /* Assets.xcassets */,
				2847CA77272D652300328103 /* Preview Content */,
			);
			path = "Finance Tracker";
			sourceTree = "<group>";
		};
		2847CA77272D652300328103 /* Preview Content */ = {
			isa = PBXGroup;
			children = (
				2847CA78272D652300328103 /* Preview Assets.xcassets */,
			);
			path = "Preview Content";
			sourceTree = "<group>";
		};
		2847CA81272D652400328103 /* Finance TrackerTests */ = {
			isa = PBXGroup;
			children = (
				2847CA82272D652400328103 /* Finance_TrackerTests.swift */,
			);
			path = "Finance TrackerTests";
			sourceTree = "<group>";
		};
		2847CA8B272D652400328103 /* Finance TrackerUITests */ = {
			isa = PBXGroup;
			children = (
				2847CA8C272D652400328103 /* Finance_TrackerUITests.swift */,
				2847CA8E272D652400328103 /* Finance_TrackerUITestsLaunchTests.swift */,
			);
			path = "Finance TrackerUITests";
			sourceTree = "<group>";
		};
		2847CA9B272D656300328103 /* Views */ = {
			isa = PBXGroup;
			children = (
				2847CA73272D652200328103 /* ContentView.swift */,
				2847CA9E272D68B400328103 /* FinanceViews */,
			);
			path = Views;
			sourceTree = "<group>";
		};
		2847CA9E272D68B400328103 /* FinanceViews */ = {
			isa = PBXGroup;
			children = (
				2847CA9C272D658600328103 /* MainView.swift */,
				2847CAA1272D699500328103 /* MainViewElements */,
			);
			path = FinanceViews;
			sourceTree = "<group>";
		};
		2847CAA1272D699500328103 /* MainViewElements */ = {
			isa = PBXGroup;
			children = (
				2847CAA2272D76F100328103 /* BalanceView.swift */,
				28C7CC01272DD0A100D0FF33 /* AnalyticsOverviewView.swift */,
			);
			path = MainViewElements;
			sourceTree = "<group>";
		};
/* End PBXGroup section */

/* Begin PBXNativeTarget section */
		2847CA6D272D652200328103 /* Finance Tracker */ = {
			isa = PBXNativeTarget;
			buildConfigurationList = 2847CA92272D652400328103 /* Build configuration list for PBXNativeTarget "Finance Tracker" */;
			buildPhases = (
				2847CA6A272D652200328103 /* Sources */,
				2847CA6B272D652200328103 /* Frameworks */,
				2847CA6C272D652200328103 /* Resources */,
			);
			buildRules = (
			);
			dependencies = (
			);
			name = "Finance Tracker";
			productName = "Finance Tracker";
			productReference = 2847CA6E272D652200328103 /* Finance Tracker.app */;
			productType = "com.apple.product-type.application";
		};
		2847CA7D272D652400328103 /* Finance TrackerTests */ = {
			isa = PBXNativeTarget;
			buildConfigurationList = 2847CA95272D652400328103 /* Build configuration list for PBXNativeTarget "Finance TrackerTests" */;
			buildPhases = (
				2847CA7A272D652400328103 /* Sources */,
				2847CA7B272D652400328103 /* Frameworks */,
				2847CA7C272D652400328103 /* Resources */,
			);
			buildRules = (
			);
			dependencies = (
				2847CA80272D652400328103 /* PBXTargetDependency */,
			);
			name = "Finance TrackerTests";
			productName = "Finance TrackerTests";
			productReference = 2847CA7E272D652400328103 /* Finance TrackerTests.xctest */;
			productType = "com.apple.product-type.bundle.unit-test";
		};
		2847CA87272D652400328103 /* Finance TrackerUITests */ = {
			isa = PBXNativeTarget;
			buildConfigurationList = 2847CA98272D652400328103 /* Build configuration list for PBXNativeTarget "Finance TrackerUITests" */;
			buildPhases = (
				2847CA84272D652400328103 /* Sources */,
				2847CA85272D652400328103 /* Frameworks */,
				2847CA86272D652400328103 /* Resources */,
			);
			buildRules = (
			);
			dependencies = (
				2847CA8A272D652400328103 /* PBXTargetDependency */,
			);
			name = "Finance TrackerUITests";
			productName = "Finance TrackerUITests";
			productReference = 2847CA88272D652400328103 /* Finance TrackerUITests.xctest */;
			productType = "com.apple.product-type.bundle.ui-testing";
		};
/* End PBXNativeTarget section */

/* Begin PBXProject section */
		2847CA66272D652200328103 /* Project object */ = {
			isa = PBXProject;
			attributes = {
				BuildIndependentTargetsInParallel = 1;
				LastSwiftUpdateCheck = 1310;
				LastUpgradeCheck = 1310;
				TargetAttributes = {
					2847CA6D272D652200328103 = {
						CreatedOnToolsVersion = 13.1;
					};
					2847CA7D272D652400328103 = {
						CreatedOnToolsVersion = 13.1;
						TestTargetID = 2847CA6D272D652200328103;
					};
					2847CA87272D652400328103 = {
						CreatedOnToolsVersion = 13.1;
						TestTargetID = 2847CA6D272D652200328103;
					};
				};
			};
			buildConfigurationList = 2847CA69272D652200328103 /* Build configuration list for PBXProject "Finance Tracker" */;
			compatibilityVersion = "Xcode 13.0";
			developmentRegion = en;
			hasScannedForEncodings = 0;
			knownRegions = (
				en,
				Base,
			);
			mainGroup = 2847CA65272D652200328103;
			productRefGroup = 2847CA6F272D652200328103 /* Products */;
			projectDirPath = "";
			projectRoot = "";
			targets = (
				2847CA6D272D652200328103 /* Finance Tracker */,
				2847CA7D272D652400328103 /* Finance TrackerTests */,
				2847CA87272D652400328103 /* Finance TrackerUITests */,
			);
		};
/* End PBXProject section */

/* Begin PBXResourcesBuildPhase section */
		2847CA6C272D652200328103 /* Resources */ = {
			isa = PBXResourcesBuildPhase;
			buildActionMask = 2147483647;
			files = (
				2847CA79272D652300328103 /* Preview Assets.xcassets in Resources */,
				2847CA76272D652300328103 /* Assets.xcassets in Resources */,
			);
			runOnlyForDeploymentPostprocessing = 0;
		};
		2847CA7C272D652400328103 /* Resources */ = {
			isa = PBXResourcesBuildPhase;
			buildActionMask = 2147483647;
			files = (
			);
			runOnlyForDeploymentPostprocessing = 0;
		};
		2847CA86272D652400328103 /* Resources */ = {
			isa = PBXResourcesBuildPhase;
			buildActionMask = 2147483647;
			files = (
			);
			runOnlyForDeploymentPostprocessing = 0;
		};
/* End PBXResourcesBuildPhase section */

/* Begin PBXSourcesBuildPhase section */
		2847CA6A272D652200328103 /* Sources */ = {
			isa = PBXSourcesBuildPhase;
			buildActionMask = 2147483647;
			files = (
				2847CA74272D652200328103 /* ContentView.swift in Sources */,
				2847CAA3272D76F100328103 /* BalanceView.swift in Sources */,
				28C7CC02272DD0A100D0FF33 /* AnalyticsOverviewView.swift in Sources */,
				2847CA9D272D658600328103 /* MainView.swift in Sources */,
				2847CA72272D652200328103 /* Finance_TrackerApp.swift in Sources */,
			);
			runOnlyForDeploymentPostprocessing = 0;
		};
		2847CA7A272D652400328103 /* Sources */ = {
			isa = PBXSourcesBuildPhase;
			buildActionMask = 2147483647;
			files = (
				2847CA83272D652400328103 /* Finance_TrackerTests.swift in Sources */,
			);
			runOnlyForDeploymentPostprocessing = 0;
		};
		2847CA84272D652400328103 /* Sources */ = {
			isa = PBXSourcesBuildPhase;
			buildActionMask = 2147483647;
			files = (
				2847CA8F272D652400328103 /* Finance_TrackerUITestsLaunchTests.swift in Sources */,
				2847CA8D272D652400328103 /* Finance_TrackerUITests.swift in Sources */,
			);
			runOnlyForDeploymentPostprocessing = 0;
		};
/* End PBXSourcesBuildPhase section */

/* Begin PBXTargetDependency section */
		2847CA80272D652400328103 /* PBXTargetDependency */ = {
			isa = PBXTargetDependency;
			target = 2847CA6D272D652200328103 /* Finance Tracker */;
			targetProxy = 2847CA7F272D652400328103 /* PBXContainerItemProxy */;
		};
		2847CA8A272D652400328103 /* PBXTargetDependency */ = {
			isa = PBXTargetDependency;
			target = 2847CA6D272D652200328103 /* Finance Tracker */;
			targetProxy = 2847CA89272D652400328103 /* PBXContainerItemProxy */;
		};
/* End PBXTargetDependency section */

/* Begin XCBuildConfiguration section */
		2847CA90272D652400328103 /* Debug */ = {
			isa = XCBuildConfiguration;
			buildSettings = {
				ALWAYS_SEARCH_USER_PATHS = NO;
				CLANG_ANALYZER_NONNULL = YES;
				CLANG_ANALYZER_NUMBER_OBJECT_CONVERSION = YES_AGGRESSIVE;
				CLANG_CXX_LANGUAGE_STANDARD = "gnu++17";
				CLANG_CXX_LIBRARY = "libc++";
				CLANG_ENABLE_MODULES = YES;
				CLANG_ENABLE_OBJC_ARC = YES;
				CLANG_ENABLE_OBJC_WEAK = YES;
				CLANG_WARN_BLOCK_CAPTURE_AUTORELEASING = YES;
				CLANG_WARN_BOOL_CONVERSION = YES;
				CLANG_WARN_COMMA = YES;
				CLANG_WARN_CONSTANT_CONVERSION = YES;
				CLANG_WARN_DEPRECATED_OBJC_IMPLEMENTATIONS = YES;
				CLANG_WARN_DIRECT_OBJC_ISA_USAGE = YES_ERROR;
				CLANG_WARN_DOCUMENTATION_COMMENTS = YES;
				CLANG_WARN_EMPTY_BODY = YES;
				CLANG_WARN_ENUM_CONVERSION = YES;
				CLANG_WARN_INFINITE_RECURSION = YES;
				CLANG_WARN_INT_CONVERSION = YES;
				CLANG_WARN_NON_LITERAL_NULL_CONVERSION = YES;
				CLANG_WARN_OBJC_IMPLICIT_RETAIN_SELF = YES;
				CLANG_WARN_OBJC_LITERAL_CONVERSION = YES;
				CLANG_WARN_OBJC_ROOT_CLASS = YES_ERROR;
				CLANG_WARN_QUOTED_INCLUDE_IN_FRAMEWORK_HEADER = YES;
				CLANG_WARN_RANGE_LOOP_ANALYSIS = YES;
				CLANG_WARN_STRICT_PROTOTYPES = YES;
				CLANG_WARN_SUSPICIOUS_MOVE = YES;
				CLANG_WARN_UNGUARDED_AVAILABILITY = YES_AGGRESSIVE;
				CLANG_WARN_UNREACHABLE_CODE = YES;
				CLANG_WARN__DUPLICATE_METHOD_MATCH = YES;
				COPY_PHASE_STRIP = NO;
				DEBUG_INFORMATION_FORMAT = dwarf;
				ENABLE_STRICT_OBJC_MSGSEND = YES;
				ENABLE_TESTABILITY = YES;
				GCC_C_LANGUAGE_STANDARD = gnu11;
				GCC_DYNAMIC_NO_PIC = NO;
				GCC_NO_COMMON_BLOCKS = YES;
				GCC_OPTIMIZATION_LEVEL = 0;
				GCC_PREPROCESSOR_DEFINITIONS = (
					"DEBUG=1",
					"$(inherited)",
				);
				GCC_WARN_64_TO_32_BIT_CONVERSION = YES;
				GCC_WARN_ABOUT_RETURN_TYPE = YES_ERROR;
				GCC_WARN_UNDECLARED_SELECTOR = YES;
				GCC_WARN_UNINITIALIZED_AUTOS = YES_AGGRESSIVE;
				GCC_WARN_UNUSED_FUNCTION = YES;
				GCC_WARN_UNUSED_VARIABLE = YES;
				IPHONEOS_DEPLOYMENT_TARGET = 15.0;
				MTL_ENABLE_DEBUG_INFO = INCLUDE_SOURCE;
				MTL_FAST_MATH = YES;
				ONLY_ACTIVE_ARCH = YES;
				SDKROOT = iphoneos;
				SWIFT_ACTIVE_COMPILATION_CONDITIONS = DEBUG;
				SWIFT_OPTIMIZATION_LEVEL = "-Onone";
			};
			name = Debug;
		};
		2847CA91272D652400328103 /* Release */ = {
			isa = XCBuildConfiguration;
			buildSettings = {
				ALWAYS_SEARCH_USER_PATHS = NO;
				CLANG_ANALYZER_NONNULL = YES;
				CLANG_ANALYZER_NUMBER_OBJECT_CONVERSION = YES_AGGRESSIVE;
				CLANG_CXX_LANGUAGE_STANDARD = "gnu++17";
				CLANG_CXX_LIBRARY = "libc++";
				CLANG_ENABLE_MODULES = YES;
				CLANG_ENABLE_OBJC_ARC = YES;
				CLANG_ENABLE_OBJC_WEAK = YES;
				CLANG_WARN_BLOCK_CAPTURE_AUTORELEASING = YES;
				CLANG_WARN_BOOL_CONVERSION = YES;
				CLANG_WARN_COMMA = YES;
				CLANG_WARN_CONSTANT_CONVERSION = YES;
				CLANG_WARN_DEPRECATED_OBJC_IMPLEMENTATIONS = YES;
				CLANG_WARN_DIRECT_OBJC_ISA_USAGE = YES_ERROR;
				CLANG_WARN_DOCUMENTATION_COMMENTS = YES;
				CLANG_WARN_EMPTY_BODY = YES;
				CLANG_WARN_ENUM_CONVERSION = YES;
				CLANG_WARN_INFINITE_RECURSION = YES;
				CLANG_WARN_INT_CONVERSION = YES;
				CLANG_WARN_NON_LITERAL_NULL_CONVERSION = YES;
				CLANG_WARN_OBJC_IMPLICIT_RETAIN_SELF = YES;
				CLANG_WARN_OBJC_LITERAL_CONVERSION = YES;
				CLANG_WARN_OBJC_ROOT_CLASS = YES_ERROR;
				CLANG_WARN_QUOTED_INCLUDE_IN_FRAMEWORK_HEADER = YES;
				CLANG_WARN_RANGE_LOOP_ANALYSIS = YES;
				CLANG_WARN_STRICT_PROTOTYPES = YES;
				CLANG_WARN_SUSPICIOUS_MOVE = YES;
				CLANG_WARN_UNGUARDED_AVAILABILITY = YES_AGGRESSIVE;
				CLANG_WARN_UNREACHABLE_CODE = YES;
				CLANG_WARN__DUPLICATE_METHOD_MATCH = YES;
				COPY_PHASE_STRIP = NO;
				DEBUG_INFORMATION_FORMAT = "dwarf-with-dsym";
				ENABLE_NS_ASSERTIONS = NO;
				ENABLE_STRICT_OBJC_MSGSEND = YES;
				GCC_C_LANGUAGE_STANDARD = gnu11;
				GCC_NO_COMMON_BLOCKS = YES;
				GCC_WARN_64_TO_32_BIT_CONVERSION = YES;
				GCC_WARN_ABOUT_RETURN_TYPE = YES_ERROR;
				GCC_WARN_UNDECLARED_SELECTOR = YES;
				GCC_WARN_UNINITIALIZED_AUTOS = YES_AGGRESSIVE;
				GCC_WARN_UNUSED_FUNCTION = YES;
				GCC_WARN_UNUSED_VARIABLE = YES;
				IPHONEOS_DEPLOYMENT_TARGET = 15.0;
				MTL_ENABLE_DEBUG_INFO = NO;
				MTL_FAST_MATH = YES;
				SDKROOT = iphoneos;
				SWIFT_COMPILATION_MODE = wholemodule;
				SWIFT_OPTIMIZATION_LEVEL = "-O";
				VALIDATE_PRODUCT = YES;
			};
			name = Release;
		};
		2847CA93272D652400328103 /* Debug */ = {
			isa = XCBuildConfiguration;
			buildSettings = {
				ASSETCATALOG_COMPILER_APPICON_NAME = AppIcon;
				ASSETCATALOG_COMPILER_GLOBAL_ACCENT_COLOR_NAME = AccentColor;
				CODE_SIGN_STYLE = Automatic;
				CURRENT_PROJECT_VERSION = 1;
				DEVELOPMENT_ASSET_PATHS = "\"Finance Tracker/Preview Content\"";
				DEVELOPMENT_TEAM = LM5QXA6P96;
				ENABLE_PREVIEWS = YES;
				GENERATE_INFOPLIST_FILE = YES;
				INFOPLIST_KEY_UIApplicationSceneManifest_Generation = YES;
				INFOPLIST_KEY_UIApplicationSupportsIndirectInputEvents = YES;
				INFOPLIST_KEY_UILaunchScreen_Generation = YES;
				INFOPLIST_KEY_UISupportedInterfaceOrientations_iPad = "UIInterfaceOrientationPortrait UIInterfaceOrientationPortraitUpsideDown UIInterfaceOrientationLandscapeLeft UIInterfaceOrientationLandscapeRight";
				INFOPLIST_KEY_UISupportedInterfaceOrientations_iPhone = "UIInterfaceOrientationPortrait UIInterfaceOrientationLandscapeLeft UIInterfaceOrientationLandscapeRight";
				LD_RUNPATH_SEARCH_PATHS = (
					"$(inherited)",
					"@executable_path/Frameworks",
				);
				MARKETING_VERSION = 1.0;
				PRODUCT_BUNDLE_IDENTIFIER = "seidel.danny.tracker-finance.Finance-Tracker";
				PRODUCT_NAME = "$(TARGET_NAME)";
				SWIFT_EMIT_LOC_STRINGS = YES;
				SWIFT_VERSION = 5.0;
				TARGETED_DEVICE_FAMILY = "1,2";
			};
			name = Debug;
		};
		2847CA94272D652400328103 /* Release */ = {
			isa = XCBuildConfiguration;
			buildSettings = {
				ASSETCATALOG_COMPILER_APPICON_NAME = AppIcon;
				ASSETCATALOG_COMPILER_GLOBAL_ACCENT_COLOR_NAME = AccentColor;
				CODE_SIGN_STYLE = Automatic;
				CURRENT_PROJECT_VERSION = 1;
				DEVELOPMENT_ASSET_PATHS = "\"Finance Tracker/Preview Content\"";
				DEVELOPMENT_TEAM = LM5QXA6P96;
				ENABLE_PREVIEWS = YES;
				GENERATE_INFOPLIST_FILE = YES;
				INFOPLIST_KEY_UIApplicationSceneManifest_Generation = YES;
				INFOPLIST_KEY_UIApplicationSupportsIndirectInputEvents = YES;
				INFOPLIST_KEY_UILaunchScreen_Generation = YES;
				INFOPLIST_KEY_UISupportedInterfaceOrientations_iPad = "UIInterfaceOrientationPortrait UIInterfaceOrientationPortraitUpsideDown UIInterfaceOrientationLandscapeLeft UIInterfaceOrientationLandscapeRight";
				INFOPLIST_KEY_UISupportedInterfaceOrientations_iPhone = "UIInterfaceOrientationPortrait UIInterfaceOrientationLandscapeLeft UIInterfaceOrientationLandscapeRight";
				LD_RUNPATH_SEARCH_PATHS = (
					"$(inherited)",
					"@executable_path/Frameworks",
				);
				MARKETING_VERSION = 1.0;
				PRODUCT_BUNDLE_IDENTIFIER = "seidel.danny.tracker-finance.Finance-Tracker";
				PRODUCT_NAME = "$(TARGET_NAME)";
				SWIFT_EMIT_LOC_STRINGS = YES;
				SWIFT_VERSION = 5.0;
				TARGETED_DEVICE_FAMILY = "1,2";
			};
			name = Release;
		};
		2847CA96272D652400328103 /* Debug */ = {
			isa = XCBuildConfiguration;
			buildSettings = {
				ALWAYS_EMBED_SWIFT_STANDARD_LIBRARIES = YES;
				BUNDLE_LOADER = "$(TEST_HOST)";
				CODE_SIGN_STYLE = Automatic;
				CURRENT_PROJECT_VERSION = 1;
				DEVELOPMENT_TEAM = LM5QXA6P96;
				GENERATE_INFOPLIST_FILE = YES;
				IPHONEOS_DEPLOYMENT_TARGET = 15.0;
				LD_RUNPATH_SEARCH_PATHS = (
					"$(inherited)",
					"@executable_path/Frameworks",
					"@loader_path/Frameworks",
				);
				MARKETING_VERSION = 1.0;
				PRODUCT_BUNDLE_IDENTIFIER = "seidel.danny.tracker-finance.Finance-TrackerTests";
				PRODUCT_NAME = "$(TARGET_NAME)";
				SWIFT_EMIT_LOC_STRINGS = NO;
				SWIFT_VERSION = 5.0;
				TARGETED_DEVICE_FAMILY = "1,2";
				TEST_HOST = "$(BUILT_PRODUCTS_DIR)/Finance Tracker.app/Finance Tracker";
			};
			name = Debug;
		};
		2847CA97272D652400328103 /* Release */ = {
			isa = XCBuildConfiguration;
			buildSettings = {
				ALWAYS_EMBED_SWIFT_STANDARD_LIBRARIES = YES;
				BUNDLE_LOADER = "$(TEST_HOST)";
				CODE_SIGN_STYLE = Automatic;
				CURRENT_PROJECT_VERSION = 1;
				DEVELOPMENT_TEAM = LM5QXA6P96;
				GENERATE_INFOPLIST_FILE = YES;
				IPHONEOS_DEPLOYMENT_TARGET = 15.0;
				LD_RUNPATH_SEARCH_PATHS = (
					"$(inherited)",
					"@executable_path/Frameworks",
					"@loader_path/Frameworks",
				);
				MARKETING_VERSION = 1.0;
				PRODUCT_BUNDLE_IDENTIFIER = "seidel.danny.tracker-finance.Finance-TrackerTests";
				PRODUCT_NAME = "$(TARGET_NAME)";
				SWIFT_EMIT_LOC_STRINGS = NO;
				SWIFT_VERSION = 5.0;
				TARGETED_DEVICE_FAMILY = "1,2";
				TEST_HOST = "$(BUILT_PRODUCTS_DIR)/Finance Tracker.app/Finance Tracker";
			};
			name = Release;
		};
		2847CA99272D652400328103 /* Debug */ = {
			isa = XCBuildConfiguration;
			buildSettings = {
				ALWAYS_EMBED_SWIFT_STANDARD_LIBRARIES = YES;
				CODE_SIGN_STYLE = Automatic;
				CURRENT_PROJECT_VERSION = 1;
				DEVELOPMENT_TEAM = LM5QXA6P96;
				GENERATE_INFOPLIST_FILE = YES;
				LD_RUNPATH_SEARCH_PATHS = (
					"$(inherited)",
					"@executable_path/Frameworks",
					"@loader_path/Frameworks",
				);
				MARKETING_VERSION = 1.0;
				PRODUCT_BUNDLE_IDENTIFIER = "seidel.danny.tracker-finance.Finance-TrackerUITests";
				PRODUCT_NAME = "$(TARGET_NAME)";
				SWIFT_EMIT_LOC_STRINGS = NO;
				SWIFT_VERSION = 5.0;
				TARGETED_DEVICE_FAMILY = "1,2";
				TEST_TARGET_NAME = "Finance Tracker";
			};
			name = Debug;
		};
		2847CA9A272D652400328103 /* Release */ = {
			isa = XCBuildConfiguration;
			buildSettings = {
				ALWAYS_EMBED_SWIFT_STANDARD_LIBRARIES = YES;
				CODE_SIGN_STYLE = Automatic;
				CURRENT_PROJECT_VERSION = 1;
				DEVELOPMENT_TEAM = LM5QXA6P96;
				GENERATE_INFOPLIST_FILE = YES;
				LD_RUNPATH_SEARCH_PATHS = (
					"$(inherited)",
					"@executable_path/Frameworks",
					"@loader_path/Frameworks",
				);
				MARKETING_VERSION = 1.0;
				PRODUCT_BUNDLE_IDENTIFIER = "seidel.danny.tracker-finance.Finance-TrackerUITests";
				PRODUCT_NAME = "$(TARGET_NAME)";
				SWIFT_EMIT_LOC_STRINGS = NO;
				SWIFT_VERSION = 5.0;
				TARGETED_DEVICE_FAMILY = "1,2";
				TEST_TARGET_NAME = "Finance Tracker";
			};
			name = Release;
		};
/* End XCBuildConfiguration section */

/* Begin XCConfigurationList section */
		2847CA69272D652200328103 /* Build configuration list for PBXProject "Finance Tracker" */ = {
			isa = XCConfigurationList;
			buildConfigurations = (
				2847CA90272D652400328103 /* Debug */,
				2847CA91272D652400328103 /* Release */,
			);
			defaultConfigurationIsVisible = 0;
			defaultConfigurationName = Release;
		};
		2847CA92272D652400328103 /* Build configuration list for PBXNativeTarget "Finance Tracker" */ = {
			isa = XCConfigurationList;
			buildConfigurations = (
				2847CA93272D652400328103 /* Debug */,
				2847CA94272D652400328103 /* Release */,
			);
			defaultConfigurationIsVisible = 0;
			defaultConfigurationName = Release;
		};
		2847CA95272D652400328103 /* Build configuration list for PBXNativeTarget "Finance TrackerTests" */ = {
			isa = XCConfigurationList;
			buildConfigurations = (
				2847CA96272D652400328103 /* Debug */,
				2847CA97272D652400328103 /* Release */,
			);
			defaultConfigurationIsVisible = 0;
			defaultConfigurationName = Release;
		};
		2847CA98272D652400328103 /* Build configuration list for PBXNativeTarget "Finance TrackerUITests" */ = {
			isa = XCConfigurationList;
			buildConfigurations = (
				2847CA99272D652400328103 /* Debug */,
				2847CA9A272D652400328103 /* Release */,
			);
			defaultConfigurationIsVisible = 0;
			defaultConfigurationName = Release;
		};
/* End XCConfigurationList section */
	};
	rootObject = 2847CA66272D652200328103 /* Project object */;
}
